
Microsoft Visual Studio Solution File, Format Version 12.00
# Visual Studio Version 17
VisualStudioVersion = 17.5.002.0
MinimumVisualStudioVersion = 10.0.40219.1
Project("{9A19103F-16F7-4668-BE54-9A1E7A4F7556}") = "Calculadora2", "Calculadora2.csproj", "{7C829358-89EA-4B60-9A64-C30E69024BC1}"
EndProject
Global
	GlobalSection(SolutionConfigurationPlatforms) = preSolution
		Debug|Any CPU = Debug|Any CPU
		Release|Any CPU = Release|Any CPU
	EndGlobalSection
	GlobalSection(ProjectConfigurationPlatforms) = postSolution
		{7C829358-89EA-4B60-9A64-C30E69024BC1}.Debug|Any CPU.ActiveCfg = Debug|Any CPU
		{7C829358-89EA-4B60-9A64-C30E69024BC1}.Debug|Any CPU.Build.0 = Debug|Any CPU
		{7C829358-89EA-4B60-9A64-C30E69024BC1}.Release|Any CPU.ActiveCfg = Release|Any CPU
		{7C829358-89EA-4B60-9A64-C30E69024BC1}.Release|Any CPU.Build.0 = Release|Any CPU
	EndGlobalSection
	GlobalSection(SolutionProperties) = preSolution
		HideSolutionNode = FALSE
	EndGlobalSection
	GlobalSection(ExtensibilityGlobals) = postSolution
		SolutionGuid = {68387209-D906-48D0-BC4E-6C2CA65216B6}
	EndGlobalSection
EndGlobal
